
Microsoft Visual Studio Solution File, Format Version 12.00
# Visual Studio Version 16
VisualStudioVersion = 16.0.31105.61
MinimumVisualStudioVersion = 10.0.40219.1
Project("{9A19103F-16F7-4668-BE54-9A1E7A4F7556}") = "DynamicTree", "DynamicTree\DynamicTree.csproj", "{9F21A96B-CCA2-4239-9A79-894A65E49553}"
EndProject
Project("{9A19103F-16F7-4668-BE54-9A1E7A4F7556}") = "DirectoryTraverserDFS", "DirectoryTraverserDFS\DirectoryTraverserDFS.csproj", "{CAF3EEC4-9DE1-4FEA-B7D6-4BD720A191D7}"
EndProject
Project("{9A19103F-16F7-4668-BE54-9A1E7A4F7556}") = "DirectoryTraverserBFS", "DirectoryTraverserBFS\DirectoryTraverserBFS.csproj", "{25E5C371-735B-495F-B96D-3DEF90F82613}"
EndProject
Project("{9A19103F-16F7-4668-BE54-9A1E7A4F7556}") = "BinaryTreeExample", "BinaryTreeExample\BinaryTreeExample.csproj", "{A1ECE0F6-29F6-441C-B5BB-34005CA40742}"
EndProject
Project("{9A19103F-16F7-4668-BE54-9A1E7A4F7556}") = "BinarySearchTreeExample", "BinarySearchTreeExample\BinarySearchTreeExample.csproj", "{4863E6FE-1BAD-4B99-A9C9-A51E061A3C27}"
EndProject
Project("{9A19103F-16F7-4668-BE54-9A1E7A4F7556}") = "GraphExample", "GraphExample\GraphExample.csproj", "{F56B0186-BAA3-4811-B77D-B0FEE1D946C8}"
EndProject
Project("{9A19103F-16F7-4668-BE54-9A1E7A4F7556}") = "01.FindNumMatches", "01.FindNumMatches\01.FindNumMatches.csproj", "{E7A316C5-B3C3-4F5E-AAB3-86F8685237B0}"
EndProject
Project("{9A19103F-16F7-4668-BE54-9A1E7A4F7556}") = "02.PrintRootsWithKVertices", "02.PrintRootsWithKVertices\02.PrintRootsWithKVertices.csproj", "{A6435DC6-BB31-4DDA-9FB1-6223686A791B}"
EndProject
Project("{9A19103F-16F7-4668-BE54-9A1E7A4F7556}") = "03.FindLeafsAndInterVertices", "03.FindLeafsAndInterVertices\03.FindLeafsAndInterVertices.csproj", "{8E2527F0-4BC6-46E7-A8DD-F55A849F9531}"
EndProject
Project("{9A19103F-16F7-4668-BE54-9A1E7A4F7556}") = "04.BTVerticesSum", "04.BTVerticesSum\04.BTVerticesSum.csproj", "{D18A9963-FCDA-4660-92D4-65C49A9420C0}"
EndProject
Project("{9A19103F-16F7-4668-BE54-9A1E7A4F7556}") = "05.BTVerticesOnlyL", "05.BTVerticesOnlyL\05.BTVerticesOnlyL.csproj", "{24827619-0860-4034-9CC8-D066EC852613}"
EndProject
Project("{9A19103F-16F7-4668-BE54-9A1E7A4F7556}") = "06.BalancedBTCheck", "06.BalancedBTCheck\06.BalancedBTCheck.csproj", "{4F866276-BEEB-4E92-921B-88025BDE4BFA}"
EndProject
Project("{9A19103F-16F7-4668-BE54-9A1E7A4F7556}") = "07.GraphShortestW", "07.GraphShortestW\07.GraphShortestW.csproj", "{86297775-1950-45B8-A93C-B5FD82EF614B}"
EndProject
Project("{9A19103F-16F7-4668-BE54-9A1E7A4F7556}") = "08.IsGraphCyclic", "08.IsGraphCyclic\08.IsGraphCyclic.csproj", "{529EF22B-238C-4505-8857-778B9F928725}"
EndProject
Project("{FAE04EC0-301F-11D3-BF4B-00C04F79EFBC}") = "09.JustDFS", "09.JustDFS\09.JustDFS.csproj", "{B7B2D958-D65D-48DF-9737-BB6FA9DAA1C9}"
EndProject
Project("{FAE04EC0-301F-11D3-BF4B-00C04F79EFBC}") = "10.JustBFS", "10.JustBFS\10.JustBFS.csproj", "{7F8FB042-7B8E-4AAB-A287-191BA1856323}"
EndProject
Project("{FAE04EC0-301F-11D3-BF4B-00C04F79EFBC}") = "11.TraverseWindows", "11.TraverseWindows\11.TraverseWindows.csproj", "{F916B6C9-F6DC-4261-80C3-1753545FEA09}"
EndProject
Project("{FAE04EC0-301F-11D3-BF4B-00C04F79EFBC}") = "12.FileTree", "12.FileTree\12.FileTree.csproj", "{7AB0A608-A29C-4C62-8372-ECC567C7B9EF}"
EndProject
Global
	GlobalSection(SolutionConfigurationPlatforms) = preSolution
		Debug|Any CPU = Debug|Any CPU
		Release|Any CPU = Release|Any CPU
	EndGlobalSection
	GlobalSection(ProjectConfigurationPlatforms) = postSolution
		{9F21A96B-CCA2-4239-9A79-894A65E49553}.Debug|Any CPU.ActiveCfg = Debug|Any CPU
		{9F21A96B-CCA2-4239-9A79-894A65E49553}.Debug|Any CPU.Build.0 = Debug|Any CPU
		{9F21A96B-CCA2-4239-9A79-894A65E49553}.Release|Any CPU.ActiveCfg = Release|Any CPU
		{9F21A96B-CCA2-4239-9A79-894A65E49553}.Release|Any CPU.Build.0 = Release|Any CPU
		{CAF3EEC4-9DE1-4FEA-B7D6-4BD720A191D7}.Debug|Any CPU.ActiveCfg = Debug|Any CPU
		{CAF3EEC4-9DE1-4FEA-B7D6-4BD720A191D7}.Debug|Any CPU.Build.0 = Debug|Any CPU
		{CAF3EEC4-9DE1-4FEA-B7D6-4BD720A191D7}.Release|Any CPU.ActiveCfg = Release|Any CPU
		{CAF3EEC4-9DE1-4FEA-B7D6-4BD720A191D7}.Release|Any CPU.Build.0 = Release|Any CPU
		{25E5C371-735B-495F-B96D-3DEF90F82613}.Debug|Any CPU.ActiveCfg = Debug|Any CPU
		{25E5C371-735B-495F-B96D-3DEF90F82613}.Debug|Any CPU.Build.0 = Debug|Any CPU
		{25E5C371-735B-495F-B96D-3DEF90F82613}.Release|Any CPU.ActiveCfg = Release|Any CPU
		{25E5C371-735B-495F-B96D-3DEF90F82613}.Release|Any CPU.Build.0 = Release|Any CPU
		{A1ECE0F6-29F6-441C-B5BB-34005CA40742}.Debug|Any CPU.ActiveCfg = Debug|Any CPU
		{A1ECE0F6-29F6-441C-B5BB-34005CA40742}.Debug|Any CPU.Build.0 = Debug|Any CPU
		{A1ECE0F6-29F6-441C-B5BB-34005CA40742}.Release|Any CPU.ActiveCfg = Release|Any CPU
		{A1ECE0F6-29F6-441C-B5BB-34005CA40742}.Release|Any CPU.Build.0 = Release|Any CPU
		{4863E6FE-1BAD-4B99-A9C9-A51E061A3C27}.Debug|Any CPU.ActiveCfg = Debug|Any CPU
		{4863E6FE-1BAD-4B99-A9C9-A51E061A3C27}.Debug|Any CPU.Build.0 = Debug|Any CPU
		{4863E6FE-1BAD-4B99-A9C9-A51E061A3C27}.Release|Any CPU.ActiveCfg = Release|Any CPU
		{4863E6FE-1BAD-4B99-A9C9-A51E061A3C27}.Release|Any CPU.Build.0 = Release|Any CPU
		{F56B0186-BAA3-4811-B77D-B0FEE1D946C8}.Debug|Any CPU.ActiveCfg = Debug|Any CPU
		{F56B0186-BAA3-4811-B77D-B0FEE1D946C8}.Debug|Any CPU.Build.0 = Debug|Any CPU
		{F56B0186-BAA3-4811-B77D-B0FEE1D946C8}.Release|Any CPU.ActiveCfg = Release|Any CPU
		{F56B0186-BAA3-4811-B77D-B0FEE1D946C8}.Release|Any CPU.Build.0 = Release|Any CPU
		{E7A316C5-B3C3-4F5E-AAB3-86F8685237B0}.Debug|Any CPU.ActiveCfg = Debug|Any CPU
		{E7A316C5-B3C3-4F5E-AAB3-86F8685237B0}.Debug|Any CPU.Build.0 = Debug|Any CPU
		{E7A316C5-B3C3-4F5E-AAB3-86F8685237B0}.Release|Any CPU.ActiveCfg = Release|Any CPU
		{E7A316C5-B3C3-4F5E-AAB3-86F8685237B0}.Release|Any CPU.Build.0 = Release|Any CPU
		{A6435DC6-BB31-4DDA-9FB1-6223686A791B}.Debug|Any CPU.ActiveCfg = Debug|Any CPU
		{A6435DC6-BB31-4DDA-9FB1-6223686A791B}.Debug|Any CPU.Build.0 = Debug|Any CPU
		{A6435DC6-BB31-4DDA-9FB1-6223686A791B}.Release|Any CPU.ActiveCfg = Release|Any CPU
		{A6435DC6-BB31-4DDA-9FB1-6223686A791B}.Release|Any CPU.Build.0 = Release|Any CPU
		{8E2527F0-4BC6-46E7-A8DD-F55A849F9531}.Debug|Any CPU.ActiveCfg = Debug|Any CPU
		{8E2527F0-4BC6-46E7-A8DD-F55A849F9531}.Debug|Any CPU.Build.0 = Debug|Any CPU
		{8E2527F0-4BC6-46E7-A8DD-F55A849F9531}.Release|Any CPU.ActiveCfg = Release|Any CPU
		{8E2527F0-4BC6-46E7-A8DD-F55A849F9531}.Release|Any CPU.Build.0 = Release|Any CPU
		{D18A9963-FCDA-4660-92D4-65C49A9420C0}.Debug|Any CPU.ActiveCfg = Debug|Any CPU
		{D18A9963-FCDA-4660-92D4-65C49A9420C0}.Debug|Any CPU.Build.0 = Debug|Any CPU
		{D18A9963-FCDA-4660-92D4-65C49A9420C0}.Release|Any CPU.ActiveCfg = Release|Any CPU
		{D18A9963-FCDA-4660-92D4-65C49A9420C0}.Release|Any CPU.Build.0 = Release|Any CPU
		{24827619-0860-4034-9CC8-D066EC852613}.Debug|Any CPU.ActiveCfg = Debug|Any CPU
		{24827619-0860-4034-9CC8-D066EC852613}.Debug|Any CPU.Build.0 = Debug|Any CPU
		{24827619-0860-4034-9CC8-D066EC852613}.Release|Any CPU.ActiveCfg = Release|Any CPU
		{24827619-0860-4034-9CC8-D066EC852613}.Release|Any CPU.Build.0 = Release|Any CPU
		{4F866276-BEEB-4E92-921B-88025BDE4BFA}.Debug|Any CPU.ActiveCfg = Debug|Any CPU
		{4F866276-BEEB-4E92-921B-88025BDE4BFA}.Debug|Any CPU.Build.0 = Debug|Any CPU
		{4F866276-BEEB-4E92-921B-88025BDE4BFA}.Release|Any CPU.ActiveCfg = Release|Any CPU
		{4F866276-BEEB-4E92-921B-88025BDE4BFA}.Release|Any CPU.Build.0 = Release|Any CPU
		{86297775-1950-45B8-A93C-B5FD82EF614B}.Debug|Any CPU.ActiveCfg = Debug|Any CPU
		{86297775-1950-45B8-A93C-B5FD82EF614B}.Debug|Any CPU.Build.0 = Debug|Any CPU
		{86297775-1950-45B8-A93C-B5FD82EF614B}.Release|Any CPU.ActiveCfg = Release|Any CPU
		{86297775-1950-45B8-A93C-B5FD82EF614B}.Release|Any CPU.Build.0 = Release|Any CPU
		{529EF22B-238C-4505-8857-778B9F928725}.Debug|Any CPU.ActiveCfg = Debug|Any CPU
		{529EF22B-238C-4505-8857-778B9F928725}.Debug|Any CPU.Build.0 = Debug|Any CPU
		{529EF22B-238C-4505-8857-778B9F928725}.Release|Any CPU.ActiveCfg = Release|Any CPU
		{529EF22B-238C-4505-8857-778B9F928725}.Release|Any CPU.Build.0 = Release|Any CPU
		{B7B2D958-D65D-48DF-9737-BB6FA9DAA1C9}.Debug|Any CPU.ActiveCfg = Debug|Any CPU
		{B7B2D958-D65D-48DF-9737-BB6FA9DAA1C9}.Debug|Any CPU.Build.0 = Debug|Any CPU
		{B7B2D958-D65D-48DF-9737-BB6FA9DAA1C9}.Release|Any CPU.ActiveCfg = Release|Any CPU
		{B7B2D958-D65D-48DF-9737-BB6FA9DAA1C9}.Release|Any CPU.Build.0 = Release|Any CPU
		{7F8FB042-7B8E-4AAB-A287-191BA1856323}.Debug|Any CPU.ActiveCfg = Debug|Any CPU
		{7F8FB042-7B8E-4AAB-A287-191BA1856323}.Debug|Any CPU.Build.0 = Debug|Any CPU
		{7F8FB042-7B8E-4AAB-A287-191BA1856323}.Release|Any CPU.ActiveCfg = Release|Any CPU
		{7F8FB042-7B8E-4AAB-A287-191BA1856323}.Release|Any CPU.Build.0 = Release|Any CPU
		{F916B6C9-F6DC-4261-80C3-1753545FEA09}.Debug|Any CPU.ActiveCfg = Debug|Any CPU
		{F916B6C9-F6DC-4261-80C3-1753545FEA09}.Debug|Any CPU.Build.0 = Debug|Any CPU
		{F916B6C9-F6DC-4261-80C3-1753545FEA09}.Release|Any CPU.ActiveCfg = Release|Any CPU
		{F916B6C9-F6DC-4261-80C3-1753545FEA09}.Release|Any CPU.Build.0 = Release|Any CPU
		{7AB0A608-A29C-4C62-8372-ECC567C7B9EF}.Debug|Any CPU.ActiveCfg = Debug|Any CPU
		{7AB0A608-A29C-4C62-8372-ECC567C7B9EF}.Debug|Any CPU.Build.0 = Debug|Any CPU
		{7AB0A608-A29C-4C62-8372-ECC567C7B9EF}.Release|Any CPU.ActiveCfg = Release|Any CPU
		{7AB0A608-A29C-4C62-8372-ECC567C7B9EF}.Release|Any CPU.Build.0 = Release|Any CPU
	EndGlobalSection
	GlobalSection(SolutionProperties) = preSolution
		HideSolutionNode = FALSE
	EndGlobalSection
	GlobalSection(ExtensibilityGlobals) = postSolution
		SolutionGuid = {CF644B61-4689-46D6-89B4-9022CA53C66D}
	EndGlobalSection
EndGlobal
