
Microsoft Visual Studio Solution File, Format Version 12.00
# Visual Studio Version 16
VisualStudioVersion = 16.0.31105.61
MinimumVisualStudioVersion = 10.0.40219.1
Project("{9A19103F-16F7-4668-BE54-9A1E7A4F7556}") = "Factorial", "Factorial\Factorial.csproj", "{05F0C678-7299-47F4-B2A9-ED1B7B94FBF2}"
EndProject
Project("{9A19103F-16F7-4668-BE54-9A1E7A4F7556}") = "NLoopsKNums", "NLoopsKNums\NLoopsKNums.csproj", "{109FD0E3-553D-46DB-87E1-896827F66D3E}"
EndProject
Project("{9A19103F-16F7-4668-BE54-9A1E7A4F7556}") = "Fibonacci", "Fibonacci\Fibonacci.csproj", "{8D622A18-4645-46D1-B820-1FB90B516466}"
EndProject
Project("{9A19103F-16F7-4668-BE54-9A1E7A4F7556}") = "Labyrinth", "Labyrinth\Labyrinth.csproj", "{5E2956BE-0E4F-4C30-B52B-19A494C4B34C}"
EndProject
Project("{9A19103F-16F7-4668-BE54-9A1E7A4F7556}") = "06.MergeSort", "06.MergeSort\06.MergeSort.csproj", "{91E2B84C-9ECD-499A-91AD-60F12C29D705}"
EndProject
Project("{9A19103F-16F7-4668-BE54-9A1E7A4F7556}") = "01.AllKVariations", "01.AllKVariations\01.AllKVariations.csproj", "{AF808543-CB20-4ED9-843D-43C243A082DD}"
EndProject
Project("{9A19103F-16F7-4668-BE54-9A1E7A4F7556}") = "02.NCycles", "02.NCycles\02.NCycles.csproj", "{CA3A2305-2D78-45F7-B982-F743928695C8}"
EndProject
Project("{9A19103F-16F7-4668-BE54-9A1E7A4F7556}") = "03.AllNCombinations", "03.AllNCombinations\03.AllNCombinations.csproj", "{401E43E0-232C-4CCF-999A-98D72D3ACB39}"
EndProject
Project("{9A19103F-16F7-4668-BE54-9A1E7A4F7556}") = "04.StringSet", "04.StringSet\04.StringSet.csproj", "{86C9AFF2-3D6B-40A9-A7A5-6506EB961D27}"
EndProject
Project("{9A19103F-16F7-4668-BE54-9A1E7A4F7556}") = "05.AllSubsetsOfSet", "05.AllSubsetsOfSet\05.AllSubsetsOfSet.csproj", "{1AA5FE9C-B4EA-4A83-9292-711FAA8EBA21}"
EndProject
Project("{9A19103F-16F7-4668-BE54-9A1E7A4F7556}") = "11.BFSLabyrinth", "11.BFSLabyrinth\11.BFSLabyrinth.csproj", "{94705DA5-B47C-4982-8A36-2CB938247501}"
EndProject
Project("{FAE04EC0-301F-11D3-BF4B-00C04F79EFBC}") = "07.AllNPermutations", "07.AllNPermutations\07.AllNPermutations.csproj", "{912D4828-DE05-415B-BF8E-51AC8AECCCE7}"
EndProject
Project("{FAE04EC0-301F-11D3-BF4B-00C04F79EFBC}") = "08.AllSubsetsWithSumN", "08.AllSubsetsWithSumN\08.AllSubsetsWithSumN.csproj", "{530F995A-467F-4446-94CB-BFC3456CB794}"
EndProject
Project("{FAE04EC0-301F-11D3-BF4B-00C04F79EFBC}") = "09.SubsetWithNSumChecker", "09.SubsetWithNSumChecker\09.SubsetWithNSumChecker.csproj", "{B89C7FE3-3C2B-4FD2-AD91-91CB7F146854}"
EndProject
Project("{FAE04EC0-301F-11D3-BF4B-00C04F79EFBC}") = "10.FindPathsBetweenTwoCells", "10.FindPathsBetweenTwoCells\10.FindPathsBetweenTwoCells.csproj", "{995D3AD5-0B12-4149-8FE8-973EB9FBE336}"
EndProject
Project("{FAE04EC0-301F-11D3-BF4B-00C04F79EFBC}") = "12.DoesPathExists", "12.DoesPathExists\12.DoesPathExists.csproj", "{01AAFE7E-3167-40C9-95AF-EB0B961BE0CB}"
EndProject
Project("{FAE04EC0-301F-11D3-BF4B-00C04F79EFBC}") = "14.TraverseHard", "14.TraverseHard\14.TraverseHard.csproj", "{BA9725A7-A231-4C79-912A-CF68AD585430}"
EndProject
Project("{FAE04EC0-301F-11D3-BF4B-00C04F79EFBC}") = "13.LongestSequenceInLabyrinth", "13.LongestSequenceInLabyrinth\13.LongestSequenceInLabyrinth.csproj", "{D19BDB00-A857-4178-9F35-6ABF57075B10}"
EndProject
Global
	GlobalSection(SolutionConfigurationPlatforms) = preSolution
		Debug|Any CPU = Debug|Any CPU
		Release|Any CPU = Release|Any CPU
	EndGlobalSection
	GlobalSection(ProjectConfigurationPlatforms) = postSolution
		{05F0C678-7299-47F4-B2A9-ED1B7B94FBF2}.Debug|Any CPU.ActiveCfg = Debug|Any CPU
		{05F0C678-7299-47F4-B2A9-ED1B7B94FBF2}.Debug|Any CPU.Build.0 = Debug|Any CPU
		{05F0C678-7299-47F4-B2A9-ED1B7B94FBF2}.Release|Any CPU.ActiveCfg = Release|Any CPU
		{05F0C678-7299-47F4-B2A9-ED1B7B94FBF2}.Release|Any CPU.Build.0 = Release|Any CPU
		{109FD0E3-553D-46DB-87E1-896827F66D3E}.Debug|Any CPU.ActiveCfg = Debug|Any CPU
		{109FD0E3-553D-46DB-87E1-896827F66D3E}.Debug|Any CPU.Build.0 = Debug|Any CPU
		{109FD0E3-553D-46DB-87E1-896827F66D3E}.Release|Any CPU.ActiveCfg = Release|Any CPU
		{109FD0E3-553D-46DB-87E1-896827F66D3E}.Release|Any CPU.Build.0 = Release|Any CPU
		{8D622A18-4645-46D1-B820-1FB90B516466}.Debug|Any CPU.ActiveCfg = Debug|Any CPU
		{8D622A18-4645-46D1-B820-1FB90B516466}.Debug|Any CPU.Build.0 = Debug|Any CPU
		{8D622A18-4645-46D1-B820-1FB90B516466}.Release|Any CPU.ActiveCfg = Release|Any CPU
		{8D622A18-4645-46D1-B820-1FB90B516466}.Release|Any CPU.Build.0 = Release|Any CPU
		{5E2956BE-0E4F-4C30-B52B-19A494C4B34C}.Debug|Any CPU.ActiveCfg = Debug|Any CPU
		{5E2956BE-0E4F-4C30-B52B-19A494C4B34C}.Debug|Any CPU.Build.0 = Debug|Any CPU
		{5E2956BE-0E4F-4C30-B52B-19A494C4B34C}.Release|Any CPU.ActiveCfg = Release|Any CPU
		{5E2956BE-0E4F-4C30-B52B-19A494C4B34C}.Release|Any CPU.Build.0 = Release|Any CPU
		{91E2B84C-9ECD-499A-91AD-60F12C29D705}.Debug|Any CPU.ActiveCfg = Debug|Any CPU
		{91E2B84C-9ECD-499A-91AD-60F12C29D705}.Debug|Any CPU.Build.0 = Debug|Any CPU
		{91E2B84C-9ECD-499A-91AD-60F12C29D705}.Release|Any CPU.ActiveCfg = Release|Any CPU
		{91E2B84C-9ECD-499A-91AD-60F12C29D705}.Release|Any CPU.Build.0 = Release|Any CPU
		{AF808543-CB20-4ED9-843D-43C243A082DD}.Debug|Any CPU.ActiveCfg = Debug|Any CPU
		{AF808543-CB20-4ED9-843D-43C243A082DD}.Debug|Any CPU.Build.0 = Debug|Any CPU
		{AF808543-CB20-4ED9-843D-43C243A082DD}.Release|Any CPU.ActiveCfg = Release|Any CPU
		{AF808543-CB20-4ED9-843D-43C243A082DD}.Release|Any CPU.Build.0 = Release|Any CPU
		{CA3A2305-2D78-45F7-B982-F743928695C8}.Debug|Any CPU.ActiveCfg = Debug|Any CPU
		{CA3A2305-2D78-45F7-B982-F743928695C8}.Debug|Any CPU.Build.0 = Debug|Any CPU
		{CA3A2305-2D78-45F7-B982-F743928695C8}.Release|Any CPU.ActiveCfg = Release|Any CPU
		{CA3A2305-2D78-45F7-B982-F743928695C8}.Release|Any CPU.Build.0 = Release|Any CPU
		{401E43E0-232C-4CCF-999A-98D72D3ACB39}.Debug|Any CPU.ActiveCfg = Debug|Any CPU
		{401E43E0-232C-4CCF-999A-98D72D3ACB39}.Debug|Any CPU.Build.0 = Debug|Any CPU
		{401E43E0-232C-4CCF-999A-98D72D3ACB39}.Release|Any CPU.ActiveCfg = Release|Any CPU
		{401E43E0-232C-4CCF-999A-98D72D3ACB39}.Release|Any CPU.Build.0 = Release|Any CPU
		{86C9AFF2-3D6B-40A9-A7A5-6506EB961D27}.Debug|Any CPU.ActiveCfg = Debug|Any CPU
		{86C9AFF2-3D6B-40A9-A7A5-6506EB961D27}.Debug|Any CPU.Build.0 = Debug|Any CPU
		{86C9AFF2-3D6B-40A9-A7A5-6506EB961D27}.Release|Any CPU.ActiveCfg = Release|Any CPU
		{86C9AFF2-3D6B-40A9-A7A5-6506EB961D27}.Release|Any CPU.Build.0 = Release|Any CPU
		{1AA5FE9C-B4EA-4A83-9292-711FAA8EBA21}.Debug|Any CPU.ActiveCfg = Debug|Any CPU
		{1AA5FE9C-B4EA-4A83-9292-711FAA8EBA21}.Debug|Any CPU.Build.0 = Debug|Any CPU
		{1AA5FE9C-B4EA-4A83-9292-711FAA8EBA21}.Release|Any CPU.ActiveCfg = Release|Any CPU
		{1AA5FE9C-B4EA-4A83-9292-711FAA8EBA21}.Release|Any CPU.Build.0 = Release|Any CPU
		{94705DA5-B47C-4982-8A36-2CB938247501}.Debug|Any CPU.ActiveCfg = Debug|Any CPU
		{94705DA5-B47C-4982-8A36-2CB938247501}.Debug|Any CPU.Build.0 = Debug|Any CPU
		{94705DA5-B47C-4982-8A36-2CB938247501}.Release|Any CPU.ActiveCfg = Release|Any CPU
		{94705DA5-B47C-4982-8A36-2CB938247501}.Release|Any CPU.Build.0 = Release|Any CPU
		{912D4828-DE05-415B-BF8E-51AC8AECCCE7}.Debug|Any CPU.ActiveCfg = Debug|Any CPU
		{912D4828-DE05-415B-BF8E-51AC8AECCCE7}.Debug|Any CPU.Build.0 = Debug|Any CPU
		{912D4828-DE05-415B-BF8E-51AC8AECCCE7}.Release|Any CPU.ActiveCfg = Release|Any CPU
		{912D4828-DE05-415B-BF8E-51AC8AECCCE7}.Release|Any CPU.Build.0 = Release|Any CPU
		{530F995A-467F-4446-94CB-BFC3456CB794}.Debug|Any CPU.ActiveCfg = Debug|Any CPU
		{530F995A-467F-4446-94CB-BFC3456CB794}.Debug|Any CPU.Build.0 = Debug|Any CPU
		{530F995A-467F-4446-94CB-BFC3456CB794}.Release|Any CPU.ActiveCfg = Release|Any CPU
		{530F995A-467F-4446-94CB-BFC3456CB794}.Release|Any CPU.Build.0 = Release|Any CPU
		{B89C7FE3-3C2B-4FD2-AD91-91CB7F146854}.Debug|Any CPU.ActiveCfg = Debug|Any CPU
		{B89C7FE3-3C2B-4FD2-AD91-91CB7F146854}.Debug|Any CPU.Build.0 = Debug|Any CPU
		{B89C7FE3-3C2B-4FD2-AD91-91CB7F146854}.Release|Any CPU.ActiveCfg = Release|Any CPU
		{B89C7FE3-3C2B-4FD2-AD91-91CB7F146854}.Release|Any CPU.Build.0 = Release|Any CPU
		{995D3AD5-0B12-4149-8FE8-973EB9FBE336}.Debug|Any CPU.ActiveCfg = Debug|Any CPU
		{995D3AD5-0B12-4149-8FE8-973EB9FBE336}.Debug|Any CPU.Build.0 = Debug|Any CPU
		{995D3AD5-0B12-4149-8FE8-973EB9FBE336}.Release|Any CPU.ActiveCfg = Release|Any CPU
		{995D3AD5-0B12-4149-8FE8-973EB9FBE336}.Release|Any CPU.Build.0 = Release|Any CPU
		{01AAFE7E-3167-40C9-95AF-EB0B961BE0CB}.Debug|Any CPU.ActiveCfg = Debug|Any CPU
		{01AAFE7E-3167-40C9-95AF-EB0B961BE0CB}.Debug|Any CPU.Build.0 = Debug|Any CPU
		{01AAFE7E-3167-40C9-95AF-EB0B961BE0CB}.Release|Any CPU.ActiveCfg = Release|Any CPU
		{01AAFE7E-3167-40C9-95AF-EB0B961BE0CB}.Release|Any CPU.Build.0 = Release|Any CPU
		{BA9725A7-A231-4C79-912A-CF68AD585430}.Debug|Any CPU.ActiveCfg = Debug|Any CPU
		{BA9725A7-A231-4C79-912A-CF68AD585430}.Debug|Any CPU.Build.0 = Debug|Any CPU
		{BA9725A7-A231-4C79-912A-CF68AD585430}.Release|Any CPU.ActiveCfg = Release|Any CPU
		{BA9725A7-A231-4C79-912A-CF68AD585430}.Release|Any CPU.Build.0 = Release|Any CPU
		{D19BDB00-A857-4178-9F35-6ABF57075B10}.Debug|Any CPU.ActiveCfg = Debug|Any CPU
		{D19BDB00-A857-4178-9F35-6ABF57075B10}.Debug|Any CPU.Build.0 = Debug|Any CPU
		{D19BDB00-A857-4178-9F35-6ABF57075B10}.Release|Any CPU.ActiveCfg = Release|Any CPU
		{D19BDB00-A857-4178-9F35-6ABF57075B10}.Release|Any CPU.Build.0 = Release|Any CPU
	EndGlobalSection
	GlobalSection(SolutionProperties) = preSolution
		HideSolutionNode = FALSE
	EndGlobalSection
	GlobalSection(ExtensibilityGlobals) = postSolution
		SolutionGuid = {9DCE2366-29FB-46AA-B97B-82BC0853600D}
	EndGlobalSection
EndGlobal
