
Microsoft Visual Studio Solution File, Format Version 12.00
# Visual Studio Version 16
VisualStudioVersion = 16.0.31105.61
MinimumVisualStudioVersion = 10.0.40219.1
Project("{9A19103F-16F7-4668-BE54-9A1E7A4F7556}") = "Factorial", "Factorial\Factorial.csproj", "{05F0C678-7299-47F4-B2A9-ED1B7B94FBF2}"
EndProject
Project("{9A19103F-16F7-4668-BE54-9A1E7A4F7556}") = "NLoopsKNums", "NLoopsKNums\NLoopsKNums.csproj", "{109FD0E3-553D-46DB-87E1-896827F66D3E}"
EndProject
Project("{9A19103F-16F7-4668-BE54-9A1E7A4F7556}") = "Fibonacci", "Fibonacci\Fibonacci.csproj", "{8D622A18-4645-46D1-B820-1FB90B516466}"
EndProject
Project("{9A19103F-16F7-4668-BE54-9A1E7A4F7556}") = "Labyrinth", "Labyrinth\Labyrinth.csproj", "{5E2956BE-0E4F-4C30-B52B-19A494C4B34C}"
EndProject
Project("{FAE04EC0-301F-11D3-BF4B-00C04F79EFBC}") = "06.MergeSort", "06.MergeSort\06.MergeSort.csproj", "{91E2B84C-9ECD-499A-91AD-60F12C29D705}"
EndProject
Global
	GlobalSection(SolutionConfigurationPlatforms) = preSolution
		Debug|Any CPU = Debug|Any CPU
		Release|Any CPU = Release|Any CPU
	EndGlobalSection
	GlobalSection(ProjectConfigurationPlatforms) = postSolution
		{05F0C678-7299-47F4-B2A9-ED1B7B94FBF2}.Debug|Any CPU.ActiveCfg = Debug|Any CPU
		{05F0C678-7299-47F4-B2A9-ED1B7B94FBF2}.Debug|Any CPU.Build.0 = Debug|Any CPU
		{05F0C678-7299-47F4-B2A9-ED1B7B94FBF2}.Release|Any CPU.ActiveCfg = Release|Any CPU
		{05F0C678-7299-47F4-B2A9-ED1B7B94FBF2}.Release|Any CPU.Build.0 = Release|Any CPU
		{109FD0E3-553D-46DB-87E1-896827F66D3E}.Debug|Any CPU.ActiveCfg = Debug|Any CPU
		{109FD0E3-553D-46DB-87E1-896827F66D3E}.Debug|Any CPU.Build.0 = Debug|Any CPU
		{109FD0E3-553D-46DB-87E1-896827F66D3E}.Release|Any CPU.ActiveCfg = Release|Any CPU
		{109FD0E3-553D-46DB-87E1-896827F66D3E}.Release|Any CPU.Build.0 = Release|Any CPU
		{8D622A18-4645-46D1-B820-1FB90B516466}.Debug|Any CPU.ActiveCfg = Debug|Any CPU
		{8D622A18-4645-46D1-B820-1FB90B516466}.Debug|Any CPU.Build.0 = Debug|Any CPU
		{8D622A18-4645-46D1-B820-1FB90B516466}.Release|Any CPU.ActiveCfg = Release|Any CPU
		{8D622A18-4645-46D1-B820-1FB90B516466}.Release|Any CPU.Build.0 = Release|Any CPU
		{5E2956BE-0E4F-4C30-B52B-19A494C4B34C}.Debug|Any CPU.ActiveCfg = Debug|Any CPU
		{5E2956BE-0E4F-4C30-B52B-19A494C4B34C}.Debug|Any CPU.Build.0 = Debug|Any CPU
		{5E2956BE-0E4F-4C30-B52B-19A494C4B34C}.Release|Any CPU.ActiveCfg = Release|Any CPU
		{5E2956BE-0E4F-4C30-B52B-19A494C4B34C}.Release|Any CPU.Build.0 = Release|Any CPU
		{91E2B84C-9ECD-499A-91AD-60F12C29D705}.Debug|Any CPU.ActiveCfg = Debug|Any CPU
		{91E2B84C-9ECD-499A-91AD-60F12C29D705}.Debug|Any CPU.Build.0 = Debug|Any CPU
		{91E2B84C-9ECD-499A-91AD-60F12C29D705}.Release|Any CPU.ActiveCfg = Release|Any CPU
		{91E2B84C-9ECD-499A-91AD-60F12C29D705}.Release|Any CPU.Build.0 = Release|Any CPU
	EndGlobalSection
	GlobalSection(SolutionProperties) = preSolution
		HideSolutionNode = FALSE
	EndGlobalSection
	GlobalSection(ExtensibilityGlobals) = postSolution
		SolutionGuid = {9DCE2366-29FB-46AA-B97B-82BC0853600D}
	EndGlobalSection
EndGlobal
